
Microsoft Visual Studio Solution File, Format Version 12.00
# Visual Studio 15
VisualStudioVersion = 15.0.27703.2042
MinimumVisualStudioVersion = 10.0.40219.1
Project("{2150E333-8FDC-42A3-9474-1A3956D46DE8}") = "TCP", "TCP", "{9843AD18-F05F-49FE-9B7C-4619340C38A8}"
EndProject
Project("{FAE04EC0-301F-11D3-BF4B-00C04F79EFBC}") = "ConcurrentServer", "ConcurrentServer\ConcurrentServer.csproj", "{72F1CBAD-28DE-4755-98C0-977111FAC1E7}"
EndProject
Project("{FAE04EC0-301F-11D3-BF4B-00C04F79EFBC}") = "TCPClient", "TCPClient\TCPClient.csproj", "{479449A6-57CD-46BB-8B29-1F0DB345C558}"
EndProject
Project("{FAE04EC0-301F-11D3-BF4B-00C04F79EFBC}") = "TCPServer", "TCPServer\TCPServer.csproj", "{F30A4736-B9A5-4333-996A-B62BC8ADC0E0}"
EndProject
Project("{FAE04EC0-301F-11D3-BF4B-00C04F79EFBC}") = "ModelLibrary", "ModelLibrary\ModelLibrary.csproj", "{0C342191-6A79-4A43-9C2C-2182F530D81D}"
EndProject
Project("{FAE04EC0-301F-11D3-BF4B-00C04F79EFBC}") = "PlainServer", "PlainServer\PlainServer.csproj", "{22116D1C-88B1-4106-A578-276F3A525087}"
EndProject
Project("{FAE04EC0-301F-11D3-BF4B-00C04F79EFBC}") = "MiniChat Server", "MiniChat Server\MiniChat Server.csproj", "{CE234B7E-F6D7-411B-884E-3AB9FF7C17D3}"
EndProject
Project("{2150E333-8FDC-42A3-9474-1A3956D46DE8}") = "Math Library", "Math Library", "{07E2D8F9-1222-4397-8984-3F29073381EF}"
EndProject
Project("{FAE04EC0-301F-11D3-BF4B-00C04F79EFBC}") = "MathLibrary", "MathLibrary\MathLibrary.csproj", "{3DD66369-5051-40E9-8AFF-BF6C74012F97}"
EndProject
Project("{FAE04EC0-301F-11D3-BF4B-00C04F79EFBC}") = "MathLibraryUnitTest", "MathLibraryUnitTest\MathLibraryUnitTest.csproj", "{55BBF05D-00AD-4BDB-9356-D3D8F17203CD}"
EndProject
Project("{FAE04EC0-301F-11D3-BF4B-00C04F79EFBC}") = "RESTConsumer", "RESTConsumer\RESTConsumer.csproj", "{5578E3A7-3FFC-461A-AFAA-E7572BD0199B}"
EndProject
Project("{2150E333-8FDC-42A3-9474-1A3956D46DE8}") = "REST", "REST", "{FFEC38B1-D891-4D41-9917-EEFB2656912D}"
EndProject
Project("{2150E333-8FDC-42A3-9474-1A3956D46DE8}") = "RESTService", "RESTService", "{51BB8AD7-9AC4-414E-8A3B-60828FBFCC80}"
	ProjectSection(SolutionItems) = preProject
		RESTURIs.txt = RESTURIs.txt
	EndProjectSection
EndProject
Global
	GlobalSection(SolutionConfigurationPlatforms) = preSolution
		Debug|Any CPU = Debug|Any CPU
		Release|Any CPU = Release|Any CPU
	EndGlobalSection
	GlobalSection(ProjectConfigurationPlatforms) = postSolution
		{72F1CBAD-28DE-4755-98C0-977111FAC1E7}.Debug|Any CPU.ActiveCfg = Debug|Any CPU
		{72F1CBAD-28DE-4755-98C0-977111FAC1E7}.Debug|Any CPU.Build.0 = Debug|Any CPU
		{72F1CBAD-28DE-4755-98C0-977111FAC1E7}.Release|Any CPU.ActiveCfg = Release|Any CPU
		{72F1CBAD-28DE-4755-98C0-977111FAC1E7}.Release|Any CPU.Build.0 = Release|Any CPU
		{479449A6-57CD-46BB-8B29-1F0DB345C558}.Debug|Any CPU.ActiveCfg = Debug|Any CPU
		{479449A6-57CD-46BB-8B29-1F0DB345C558}.Debug|Any CPU.Build.0 = Debug|Any CPU
		{479449A6-57CD-46BB-8B29-1F0DB345C558}.Release|Any CPU.ActiveCfg = Release|Any CPU
		{479449A6-57CD-46BB-8B29-1F0DB345C558}.Release|Any CPU.Build.0 = Release|Any CPU
		{F30A4736-B9A5-4333-996A-B62BC8ADC0E0}.Debug|Any CPU.ActiveCfg = Debug|Any CPU
		{F30A4736-B9A5-4333-996A-B62BC8ADC0E0}.Debug|Any CPU.Build.0 = Debug|Any CPU
		{F30A4736-B9A5-4333-996A-B62BC8ADC0E0}.Release|Any CPU.ActiveCfg = Release|Any CPU
		{F30A4736-B9A5-4333-996A-B62BC8ADC0E0}.Release|Any CPU.Build.0 = Release|Any CPU
		{0C342191-6A79-4A43-9C2C-2182F530D81D}.Debug|Any CPU.ActiveCfg = Debug|Any CPU
		{0C342191-6A79-4A43-9C2C-2182F530D81D}.Debug|Any CPU.Build.0 = Debug|Any CPU
		{0C342191-6A79-4A43-9C2C-2182F530D81D}.Release|Any CPU.ActiveCfg = Release|Any CPU
		{0C342191-6A79-4A43-9C2C-2182F530D81D}.Release|Any CPU.Build.0 = Release|Any CPU
		{22116D1C-88B1-4106-A578-276F3A525087}.Debug|Any CPU.ActiveCfg = Debug|Any CPU
		{22116D1C-88B1-4106-A578-276F3A525087}.Debug|Any CPU.Build.0 = Debug|Any CPU
		{22116D1C-88B1-4106-A578-276F3A525087}.Release|Any CPU.ActiveCfg = Release|Any CPU
		{22116D1C-88B1-4106-A578-276F3A525087}.Release|Any CPU.Build.0 = Release|Any CPU
		{CE234B7E-F6D7-411B-884E-3AB9FF7C17D3}.Debug|Any CPU.ActiveCfg = Debug|Any CPU
		{CE234B7E-F6D7-411B-884E-3AB9FF7C17D3}.Debug|Any CPU.Build.0 = Debug|Any CPU
		{CE234B7E-F6D7-411B-884E-3AB9FF7C17D3}.Release|Any CPU.ActiveCfg = Release|Any CPU
		{CE234B7E-F6D7-411B-884E-3AB9FF7C17D3}.Release|Any CPU.Build.0 = Release|Any CPU
		{3DD66369-5051-40E9-8AFF-BF6C74012F97}.Debug|Any CPU.ActiveCfg = Debug|Any CPU
		{3DD66369-5051-40E9-8AFF-BF6C74012F97}.Debug|Any CPU.Build.0 = Debug|Any CPU
		{3DD66369-5051-40E9-8AFF-BF6C74012F97}.Release|Any CPU.ActiveCfg = Release|Any CPU
		{3DD66369-5051-40E9-8AFF-BF6C74012F97}.Release|Any CPU.Build.0 = Release|Any CPU
		{55BBF05D-00AD-4BDB-9356-D3D8F17203CD}.Debug|Any CPU.ActiveCfg = Debug|Any CPU
		{55BBF05D-00AD-4BDB-9356-D3D8F17203CD}.Debug|Any CPU.Build.0 = Debug|Any CPU
		{55BBF05D-00AD-4BDB-9356-D3D8F17203CD}.Release|Any CPU.ActiveCfg = Release|Any CPU
		{55BBF05D-00AD-4BDB-9356-D3D8F17203CD}.Release|Any CPU.Build.0 = Release|Any CPU
		{5578E3A7-3FFC-461A-AFAA-E7572BD0199B}.Debug|Any CPU.ActiveCfg = Debug|Any CPU
		{5578E3A7-3FFC-461A-AFAA-E7572BD0199B}.Debug|Any CPU.Build.0 = Debug|Any CPU
		{5578E3A7-3FFC-461A-AFAA-E7572BD0199B}.Release|Any CPU.ActiveCfg = Release|Any CPU
		{5578E3A7-3FFC-461A-AFAA-E7572BD0199B}.Release|Any CPU.Build.0 = Release|Any CPU
	EndGlobalSection
	GlobalSection(SolutionProperties) = preSolution
		HideSolutionNode = FALSE
	EndGlobalSection
	GlobalSection(NestedProjects) = preSolution
		{72F1CBAD-28DE-4755-98C0-977111FAC1E7} = {9843AD18-F05F-49FE-9B7C-4619340C38A8}
		{479449A6-57CD-46BB-8B29-1F0DB345C558} = {9843AD18-F05F-49FE-9B7C-4619340C38A8}
		{F30A4736-B9A5-4333-996A-B62BC8ADC0E0} = {9843AD18-F05F-49FE-9B7C-4619340C38A8}
		{0C342191-6A79-4A43-9C2C-2182F530D81D} = {9843AD18-F05F-49FE-9B7C-4619340C38A8}
		{22116D1C-88B1-4106-A578-276F3A525087} = {9843AD18-F05F-49FE-9B7C-4619340C38A8}
		{CE234B7E-F6D7-411B-884E-3AB9FF7C17D3} = {9843AD18-F05F-49FE-9B7C-4619340C38A8}
		{3DD66369-5051-40E9-8AFF-BF6C74012F97} = {07E2D8F9-1222-4397-8984-3F29073381EF}
		{55BBF05D-00AD-4BDB-9356-D3D8F17203CD} = {07E2D8F9-1222-4397-8984-3F29073381EF}
		{5578E3A7-3FFC-461A-AFAA-E7572BD0199B} = {FFEC38B1-D891-4D41-9917-EEFB2656912D}
		{51BB8AD7-9AC4-414E-8A3B-60828FBFCC80} = {FFEC38B1-D891-4D41-9917-EEFB2656912D}
	EndGlobalSection
	GlobalSection(ExtensibilityGlobals) = postSolution
		SolutionGuid = {C6200B40-02C8-4CDE-9FB9-5C0035B2A8A8}
	EndGlobalSection
EndGlobal
